
Microsoft Visual Studio Solution File, Format Version 12.00
# Visual Studio 2017
Project("{FAE04EC0-301F-11D3-BF4B-00C04F79EFBC}") = "web", "web.csproj", "{466555BE-D829-400E-ADE1-FFD54D761112}"
EndProject
Global
	GlobalSection(SolutionConfigurationPlatforms) = preSolution
		Debug|Any CPU = Debug|Any CPU
		Release|Any CPU = Release|Any CPU
	EndGlobalSection
	GlobalSection(ProjectConfigurationPlatforms) = postSolution
		{466555BE-D829-400E-ADE1-FFD54D761112}.Debug|Any CPU.ActiveCfg = Debug|Any CPU
		{466555BE-D829-400E-ADE1-FFD54D761112}.Debug|Any CPU.Build.0 = Debug|Any CPU
		{466555BE-D829-400E-ADE1-FFD54D761112}.Release|Any CPU.ActiveCfg = Release|Any CPU
		{466555BE-D829-400E-ADE1-FFD54D761112}.Release|Any CPU.Build.0 = Release|Any CPU
	EndGlobalSection
EndGlobal
